{
  "name": "client-id-capture-server-mrz-reading",
  "version": "1.0.0",
  "lockfileVersion": 3,
  "requires": true,
  "packages": {
    "": {
      "name": "client-id-capture-server-mrz-reading",
      "version": "1.0.0",
      "dependencies": {
        "dynamsoft-mrz-scanner": "4.0.0-beta-202605070001"
      }
    },
    "node_modules/dynamsoft-capture-vision-bundle": {
      "version": "3.4.2000",
      "resolved": "https://npm.scannerproxy.com:802/dynamsoft-capture-vision-bundle/-/dynamsoft-capture-vision-bundle-3.4.2000.tgz",
      "integrity": "sha512-pa9TPR6e6YXAPqKVIT8OI/vOf6rN20IrPr7GmZrsT55e7jPtSq8oHkjupPIGrwSHmEAjHl46kLzusaWWqTBMlQ==",
      "license": "SEE LICENSE IN LICENSE"
    },
    "node_modules/dynamsoft-capture-vision-data": {
      "version": "1.2.1",
      "resolved": "https://npm.scannerproxy.com:802/dynamsoft-capture-vision-data/-/dynamsoft-capture-vision-data-1.2.1.tgz",
      "integrity": "sha512-FYSRofEVRryuMGT/cOJI/IJNrS2tXrRknt5eRnPqnJJoHHRmG0u7lEK/4yoDxR3Kl0Skgy+Iw1owhJjOP+2jeA==",
      "license": "SEE LICENSE IN LICENSE"
    },
    "node_modules/dynamsoft-mrz-scanner": {
      "version": "4.0.0-beta-202605070001",
      "resolved": "https://npm.scannerproxy.com:802/dynamsoft-mrz-scanner/-/dynamsoft-mrz-scanner-4.0.0-beta-202605070001.tgz",
      "integrity": "sha512-qZi3FnkyT3HcTa49ZXiKWyDYEhSn5dYlCXC2PIk166jfdM1OOh8TkatZM30K6KeCMdYkToLufQTsCKhoVMpKxw==",
      "license": "SEE LICENSE IN LICENSE",
      "dependencies": {
        "dynamsoft-capture-vision-bundle": "3.4.2000",
        "dynamsoft-capture-vision-data": "1.2.1"
      },
      "engines": {
        "node": "^24.0.0",
        "npm": "^11.0.0"
      }
    }
  }
}
