{
  "name": "client-id-capture-server-mrz-reading",
  "version": "1.0.0",
  "lockfileVersion": 3,
  "requires": true,
  "packages": {
    "": {
      "name": "client-id-capture-server-mrz-reading",
      "version": "1.0.0",
      "dependencies": {
        "dynamsoft-mrz-scanner": "^4.0.0"
      }
    },
    "node_modules/dynamsoft-capture-vision-bundle": {
      "version": "3.4.2001",
      "resolved": "https://registry.npmjs.org/dynamsoft-capture-vision-bundle/-/dynamsoft-capture-vision-bundle-3.4.2001.tgz",
      "integrity": "sha512-WcjPv5dTVoOSKcHWCLeCggGR+nUM64T9GORz4pxvHbqnfdRvlyKqU+1plprFlkWQzitdQMIgRPEBEBXI+BFoBg==",
      "license": "SEE LICENSE IN LICENSE"
    },
    "node_modules/dynamsoft-capture-vision-data": {
      "version": "1.2.1",
      "resolved": "https://registry.npmjs.org/dynamsoft-capture-vision-data/-/dynamsoft-capture-vision-data-1.2.1.tgz",
      "integrity": "sha512-FYSRofEVRryuMGT/cOJI/IJNrS2tXrRknt5eRnPqnJJoHHRmG0u7lEK/4yoDxR3Kl0Skgy+Iw1owhJjOP+2jeA==",
      "license": "SEE LICENSE IN LICENSE"
    },
    "node_modules/dynamsoft-mrz-scanner": {
      "version": "4.0.0",
      "resolved": "https://registry.npmjs.org/dynamsoft-mrz-scanner/-/dynamsoft-mrz-scanner-4.0.0.tgz",
      "integrity": "sha512-oyaUSheyHIWa+CNy1IRsixBSiYqizKAMpsC1pQgQrAS96enSI49c4KQz21BWeCRZwvz7XIKediSDjpzt2Hj5zw==",
      "license": "SEE LICENSE IN LICENSE",
      "dependencies": {
        "dynamsoft-capture-vision-bundle": "3.4.2001",
        "dynamsoft-capture-vision-data": "1.2.1"
      },
      "engines": {
        "node": "^24.0.0",
        "npm": "^11.0.0"
      }
    }
  }
}
